# This file is autogenerated, do not edit; changes may be undone by the next 'dep ensure'.


[[projects]]
  branch = "master"
  digest = "1:6840912f69458248344a760712272b41faeb22fc623c56424407da452f5869fa"
  name = "github.com/influxdata/influxdb1-client"
  packages = [
    "models",
    "pkg/escape",
    "v2",
  ]
  pruneopts = "UT"
  revision = "02f0bf5dbca364fe200ee3f5709c8cc0c9bda0d0"

[solve-meta]
  analyzer-name = "dep"
  analyzer-version = 1
  input-imports = ["github.com/influxdata/influxdb1-client/v2"]
  solver-name = "gps-cdcl"
  solver-version = 1
